
Microsoft Visual Studio Solution File, Format Version 12.00
# Visual Studio Version 17
VisualStudioVersion = 17.7.34031.279
MinimumVisualStudioVersion = 10.0.40219.1
Project("{FAE04EC0-301F-11D3-BF4B-00C04F79EFBC}") = "BelajarWebAPI", "BelajarWebAPI\BelajarWebAPI.csproj", "{22A99721-CE44-4764-B760-90E6AE2657CD}"
EndProject
Global
	GlobalSection(SolutionConfigurationPlatforms) = preSolution
		Debug|Any CPU = Debug|Any CPU
		Release|Any CPU = Release|Any CPU
	EndGlobalSection
	GlobalSection(ProjectConfigurationPlatforms) = postSolution
		{22A99721-CE44-4764-B760-90E6AE2657CD}.Debug|Any CPU.ActiveCfg = Debug|Any CPU
		{22A99721-CE44-4764-B760-90E6AE2657CD}.Debug|Any CPU.Build.0 = Debug|Any CPU
		{22A99721-CE44-4764-B760-90E6AE2657CD}.Release|Any CPU.ActiveCfg = Release|Any CPU
		{22A99721-CE44-4764-B760-90E6AE2657CD}.Release|Any CPU.Build.0 = Release|Any CPU
	EndGlobalSection
	GlobalSection(SolutionProperties) = preSolution
		HideSolutionNode = FALSE
	EndGlobalSection
	GlobalSection(ExtensibilityGlobals) = postSolution
		SolutionGuid = {85B3C971-28A5-4343-BAB7-11213DB2EB20}
	EndGlobalSection
EndGlobal
